
Microsoft Visual Studio Solution File, Format Version 12.00
# Visual Studio Version 17
VisualStudioVersion = 17.0.32014.148
MinimumVisualStudioVersion = 10.0.40219.1
Project("{FAE04EC0-301F-11D3-BF4B-00C04F79EFBC}") = "CalculateAngleBetweenHourMinutes", "CalculateAngleBetweenHourMinutes\CalculateAngleBetweenHourMinutes.csproj", "{3F8E376C-4CAB-4104-AFF9-E359F6106BFF}"
EndProject
Global
	GlobalSection(SolutionConfigurationPlatforms) = preSolution
		Debug|Any CPU = Debug|Any CPU
		Release|Any CPU = Release|Any CPU
	EndGlobalSection
	GlobalSection(ProjectConfigurationPlatforms) = postSolution
		{3F8E376C-4CAB-4104-AFF9-E359F6106BFF}.Debug|Any CPU.ActiveCfg = Debug|Any CPU
		{3F8E376C-4CAB-4104-AFF9-E359F6106BFF}.Debug|Any CPU.Build.0 = Debug|Any CPU
		{3F8E376C-4CAB-4104-AFF9-E359F6106BFF}.Release|Any CPU.ActiveCfg = Release|Any CPU
		{3F8E376C-4CAB-4104-AFF9-E359F6106BFF}.Release|Any CPU.Build.0 = Release|Any CPU
	EndGlobalSection
	GlobalSection(SolutionProperties) = preSolution
		HideSolutionNode = FALSE
	EndGlobalSection
	GlobalSection(ExtensibilityGlobals) = postSolution
		SolutionGuid = {329C239D-266A-4B5F-A330-FA931487F977}
	EndGlobalSection
EndGlobal
